
Microsoft Visual Studio Solution File, Format Version 12.00
# Visual Studio Version 17
VisualStudioVersion = 17.0.31903.59
MinimumVisualStudioVersion = 10.0.40219.1
Project("{2150E333-8FDC-42A3-9474-1A3956D46DE8}") = "src", "src", "{827E0CD3-B72D-47B6-A68D-7590B98EB39B}"
EndProject
Project("{FAE04EC0-301F-11D3-BF4B-00C04F79EFBC}") = "rbxnc", "src\rbxnc\rbxnc.csproj", "{FCC705C9-BD61-4B97-921B-5F63EA440A2C}"
EndProject
Project("{FAE04EC0-301F-11D3-BF4B-00C04F79EFBC}") = "roblox-net", "src\roblox-net\roblox-net.csproj", "{F6D0A08B-840C-4171-9D10-1FC4B0658644}"
EndProject
Project("{FAE04EC0-301F-11D3-BF4B-00C04F79EFBC}") = "bindings-generator", "src\tools\bindings-generator\bindings-generator.csproj", "{B1FA6870-21C4-4B9B-87D3-4DE53E173049}"
EndProject
Project("{2150E333-8FDC-42A3-9474-1A3956D46DE8}") = "tools", "tools", "{02EA681E-C7D8-13C7-8484-4AC65E1B71E8}"
EndProject
Project("{FAE04EC0-301F-11D3-BF4B-00C04F79EFBC}") = "CommonLibs", "src\CommonLibs\CommonLibs.csproj", "{2301DD88-14ED-41B6-8C5D-FB44F62E1448}"
EndProject
Project("{FAE04EC0-301F-11D3-BF4B-00C04F79EFBC}") = "Bindings.Common", "src\tools\bindings-generator\Include\Bindings.Common.csproj", "{44E8F049-7F0A-D6F7-03C2-984DFB586641}"
EndProject
Project("{2150E333-8FDC-42A3-9474-1A3956D46DE8}") = "Bindings", "Bindings", "{CAF35F9D-7421-447C-95E3-C9DA6AA56EC2}"
EndProject
Global
	GlobalSection(SolutionConfigurationPlatforms) = preSolution
		Debug|Any CPU = Debug|Any CPU
		Debug|x64 = Debug|x64
		Debug|x86 = Debug|x86
		Release|Any CPU = Release|Any CPU
		Release|x64 = Release|x64
		Release|x86 = Release|x86
	EndGlobalSection
	GlobalSection(ProjectConfigurationPlatforms) = postSolution
		{FCC705C9-BD61-4B97-921B-5F63EA440A2C}.Debug|Any CPU.ActiveCfg = Debug|Any CPU
		{FCC705C9-BD61-4B97-921B-5F63EA440A2C}.Debug|Any CPU.Build.0 = Debug|Any CPU
		{FCC705C9-BD61-4B97-921B-5F63EA440A2C}.Debug|x64.ActiveCfg = Debug|Any CPU
		{FCC705C9-BD61-4B97-921B-5F63EA440A2C}.Debug|x64.Build.0 = Debug|Any CPU
		{FCC705C9-BD61-4B97-921B-5F63EA440A2C}.Debug|x86.ActiveCfg = Debug|Any CPU
		{FCC705C9-BD61-4B97-921B-5F63EA440A2C}.Debug|x86.Build.0 = Debug|Any CPU
		{FCC705C9-BD61-4B97-921B-5F63EA440A2C}.Release|Any CPU.ActiveCfg = Release|Any CPU
		{FCC705C9-BD61-4B97-921B-5F63EA440A2C}.Release|Any CPU.Build.0 = Release|Any CPU
		{FCC705C9-BD61-4B97-921B-5F63EA440A2C}.Release|x64.ActiveCfg = Release|Any CPU
		{FCC705C9-BD61-4B97-921B-5F63EA440A2C}.Release|x64.Build.0 = Release|Any CPU
		{FCC705C9-BD61-4B97-921B-5F63EA440A2C}.Release|x86.ActiveCfg = Release|Any CPU
		{FCC705C9-BD61-4B97-921B-5F63EA440A2C}.Release|x86.Build.0 = Release|Any CPU
		{F6D0A08B-840C-4171-9D10-1FC4B0658644}.Debug|Any CPU.ActiveCfg = Debug|Any CPU
		{F6D0A08B-840C-4171-9D10-1FC4B0658644}.Debug|Any CPU.Build.0 = Debug|Any CPU
		{F6D0A08B-840C-4171-9D10-1FC4B0658644}.Debug|x64.ActiveCfg = Debug|Any CPU
		{F6D0A08B-840C-4171-9D10-1FC4B0658644}.Debug|x64.Build.0 = Debug|Any CPU
		{F6D0A08B-840C-4171-9D10-1FC4B0658644}.Debug|x86.ActiveCfg = Debug|Any CPU
		{F6D0A08B-840C-4171-9D10-1FC4B0658644}.Debug|x86.Build.0 = Debug|Any CPU
		{F6D0A08B-840C-4171-9D10-1FC4B0658644}.Release|Any CPU.ActiveCfg = Release|Any CPU
		{F6D0A08B-840C-4171-9D10-1FC4B0658644}.Release|Any CPU.Build.0 = Release|Any CPU
		{F6D0A08B-840C-4171-9D10-1FC4B0658644}.Release|x64.ActiveCfg = Release|Any CPU
		{F6D0A08B-840C-4171-9D10-1FC4B0658644}.Release|x64.Build.0 = Release|Any CPU
		{F6D0A08B-840C-4171-9D10-1FC4B0658644}.Release|x86.ActiveCfg = Release|Any CPU
		{F6D0A08B-840C-4171-9D10-1FC4B0658644}.Release|x86.Build.0 = Release|Any CPU
		{B1FA6870-21C4-4B9B-87D3-4DE53E173049}.Debug|Any CPU.ActiveCfg = Debug|Any CPU
		{B1FA6870-21C4-4B9B-87D3-4DE53E173049}.Debug|Any CPU.Build.0 = Debug|Any CPU
		{B1FA6870-21C4-4B9B-87D3-4DE53E173049}.Debug|x64.ActiveCfg = Debug|Any CPU
		{B1FA6870-21C4-4B9B-87D3-4DE53E173049}.Debug|x64.Build.0 = Debug|Any CPU
		{B1FA6870-21C4-4B9B-87D3-4DE53E173049}.Debug|x86.ActiveCfg = Debug|Any CPU
		{B1FA6870-21C4-4B9B-87D3-4DE53E173049}.Debug|x86.Build.0 = Debug|Any CPU
		{B1FA6870-21C4-4B9B-87D3-4DE53E173049}.Release|Any CPU.ActiveCfg = Release|Any CPU
		{B1FA6870-21C4-4B9B-87D3-4DE53E173049}.Release|Any CPU.Build.0 = Release|Any CPU
		{B1FA6870-21C4-4B9B-87D3-4DE53E173049}.Release|x64.ActiveCfg = Release|Any CPU
		{B1FA6870-21C4-4B9B-87D3-4DE53E173049}.Release|x64.Build.0 = Release|Any CPU
		{B1FA6870-21C4-4B9B-87D3-4DE53E173049}.Release|x86.ActiveCfg = Release|Any CPU
		{B1FA6870-21C4-4B9B-87D3-4DE53E173049}.Release|x86.Build.0 = Release|Any CPU
		{2301DD88-14ED-41B6-8C5D-FB44F62E1448}.Debug|Any CPU.ActiveCfg = Debug|Any CPU
		{2301DD88-14ED-41B6-8C5D-FB44F62E1448}.Debug|Any CPU.Build.0 = Debug|Any CPU
		{2301DD88-14ED-41B6-8C5D-FB44F62E1448}.Debug|x64.ActiveCfg = Debug|Any CPU
		{2301DD88-14ED-41B6-8C5D-FB44F62E1448}.Debug|x64.Build.0 = Debug|Any CPU
		{2301DD88-14ED-41B6-8C5D-FB44F62E1448}.Debug|x86.ActiveCfg = Debug|Any CPU
		{2301DD88-14ED-41B6-8C5D-FB44F62E1448}.Debug|x86.Build.0 = Debug|Any CPU
		{2301DD88-14ED-41B6-8C5D-FB44F62E1448}.Release|Any CPU.ActiveCfg = Release|Any CPU
		{2301DD88-14ED-41B6-8C5D-FB44F62E1448}.Release|Any CPU.Build.0 = Release|Any CPU
		{2301DD88-14ED-41B6-8C5D-FB44F62E1448}.Release|x64.ActiveCfg = Release|Any CPU
		{2301DD88-14ED-41B6-8C5D-FB44F62E1448}.Release|x64.Build.0 = Release|Any CPU
		{2301DD88-14ED-41B6-8C5D-FB44F62E1448}.Release|x86.ActiveCfg = Release|Any CPU
		{2301DD88-14ED-41B6-8C5D-FB44F62E1448}.Release|x86.Build.0 = Release|Any CPU
		{44E8F049-7F0A-D6F7-03C2-984DFB586641}.Debug|Any CPU.ActiveCfg = Debug|Any CPU
		{44E8F049-7F0A-D6F7-03C2-984DFB586641}.Debug|Any CPU.Build.0 = Debug|Any CPU
		{44E8F049-7F0A-D6F7-03C2-984DFB586641}.Debug|x64.ActiveCfg = Debug|Any CPU
		{44E8F049-7F0A-D6F7-03C2-984DFB586641}.Debug|x64.Build.0 = Debug|Any CPU
		{44E8F049-7F0A-D6F7-03C2-984DFB586641}.Debug|x86.ActiveCfg = Debug|Any CPU
		{44E8F049-7F0A-D6F7-03C2-984DFB586641}.Debug|x86.Build.0 = Debug|Any CPU
		{44E8F049-7F0A-D6F7-03C2-984DFB586641}.Release|Any CPU.ActiveCfg = Release|Any CPU
		{44E8F049-7F0A-D6F7-03C2-984DFB586641}.Release|Any CPU.Build.0 = Release|Any CPU
		{44E8F049-7F0A-D6F7-03C2-984DFB586641}.Release|x64.ActiveCfg = Release|Any CPU
		{44E8F049-7F0A-D6F7-03C2-984DFB586641}.Release|x64.Build.0 = Release|Any CPU
		{44E8F049-7F0A-D6F7-03C2-984DFB586641}.Release|x86.ActiveCfg = Release|Any CPU
		{44E8F049-7F0A-D6F7-03C2-984DFB586641}.Release|x86.Build.0 = Release|Any CPU
	EndGlobalSection
	GlobalSection(SolutionProperties) = preSolution
		HideSolutionNode = FALSE
	EndGlobalSection
	GlobalSection(NestedProjects) = preSolution
		{FCC705C9-BD61-4B97-921B-5F63EA440A2C} = {827E0CD3-B72D-47B6-A68D-7590B98EB39B}
		{F6D0A08B-840C-4171-9D10-1FC4B0658644} = {827E0CD3-B72D-47B6-A68D-7590B98EB39B}
		{B1FA6870-21C4-4B9B-87D3-4DE53E173049} = {CAF35F9D-7421-447C-95E3-C9DA6AA56EC2}
		{02EA681E-C7D8-13C7-8484-4AC65E1B71E8} = {827E0CD3-B72D-47B6-A68D-7590B98EB39B}
		{2301DD88-14ED-41B6-8C5D-FB44F62E1448} = {827E0CD3-B72D-47B6-A68D-7590B98EB39B}
		{44E8F049-7F0A-D6F7-03C2-984DFB586641} = {CAF35F9D-7421-447C-95E3-C9DA6AA56EC2}
		{CAF35F9D-7421-447C-95E3-C9DA6AA56EC2} = {02EA681E-C7D8-13C7-8484-4AC65E1B71E8}
	EndGlobalSection
	GlobalSection(ExtensibilityGlobals) = postSolution
		SolutionGuid = {008FE4CB-1E6C-4F74-91BA-4AF5300FED5E}
	EndGlobalSection
EndGlobal
